{
  "name": "@ifct2017/compositions",
  "version": "1.1.8",
  "lockfileVersion": 1,
  "requires": true,
  "dependencies": {
    "@ifct2017/descriptions": {
      "version": "1.0.3",
      "resolved": "https://registry.npmjs.org/@ifct2017/descriptions/-/descriptions-1.0.3.tgz",
      "integrity": "sha512-weaTYmEGJKW9TY1Y9lwsMdM0ZcxiQ/s/WDGKxDqQWqyUhZaegWOl5D5GHpfcFp/15gM9V58JzChNc+Ps5zWmHg==",
      "dev": true,
      "requires": {
        "csv-parse": "4.8",
        "lunr": "2.3",
        "sql-extra": "0.1"
      }
    },
    "@ifct2017/groups": {
      "version": "1.0.3",
      "resolved": "https://registry.npmjs.org/@ifct2017/groups/-/groups-1.0.3.tgz",
      "integrity": "sha512-9ptuN6Jo7uQ46OcyyLSFroEMxWH3RBxR1P+OL2s/cQS8i4CZLP93WO8Sc/Pr7QZzSdNpeAsvPi1VJRqrrGOokA==",
      "dev": true,
      "requires": {
        "lunr": "2.3",
        "sql-extra": "0.1"
      }
    },
    "csv-parse": {
      "version": "4.8.2",
      "resolved": "https://registry.npmjs.org/csv-parse/-/csv-parse-4.8.2.tgz",
      "integrity": "sha512-WfYwyJepTbjS5jWAWpVskOJ8Z10231HaFw6qJhSjGrpfMPf3yuoRohlasYsP/6/3YgTQcvZpTvoUo37eaei9Fw=="
    },
    "lunr": {
      "version": "2.3.8",
      "resolved": "https://registry.npmjs.org/lunr/-/lunr-2.3.8.tgz",
      "integrity": "sha512-oxMeX/Y35PNFuZoHp+jUj5OSEmLCaIH4KTFJh7a93cHBoFmpw2IoPs22VIz7vyO2YUnx2Tn9dzIwO2P/4quIRg=="
    },
    "sql-extra": {
      "version": "0.1.13",
      "resolved": "https://registry.npmjs.org/sql-extra/-/sql-extra-0.1.13.tgz",
      "integrity": "sha512-TRuGNJPX7gMdNZFLkUZADtK7Lmqq1zeXf+56Mkj7XP8xCqm+jcFE80B94BsGXVNkdIexOPhHgwqI2kLRhbhSFg=="
    }
  }
}
